<?xml version="1.0" encoding="utf-8"?>
<Project ToolsVersion="16.0" xmlns="http://schemas.microsoft.com/developer/msbuild/2003">
  <ItemGroup>
    <CustomBuild Include="E:\flutter\garen_gui\build\windows\CMakeFiles\07482c82afc4b4990a0df658641f2430\generate.stamp.rule">
      <Filter>CMake Rules</Filter>
    </CustomBuild>
  </ItemGroup>
  <ItemGroup>
    <Filter Include="CMake Rules">
      <UniqueIdentifier>{BB96BAEF-F105-3670-9518-85B104AF3659}</UniqueIdentifier>
    </Filter>
  </ItemGroup>
</Project>
