<?xml version="1.0" encoding="utf-8"?>
<Project ToolsVersion="16.0" xmlns="http://schemas.microsoft.com/developer/msbuild/2003">
  <ItemGroup>
    <ClCompile Include="E:\flutter\garen_gui\windows\flutter\ephemeral\cpp_client_wrapper\core_implementations.cc">
      <Filter>Source Files</Filter>
    </ClCompile>
    <ClCompile Include="E:\flutter\garen_gui\windows\flutter\ephemeral\cpp_client_wrapper\standard_codec.cc">
      <Filter>Source Files</Filter>
    </ClCompile>
    <ClCompile Include="E:\flutter\garen_gui\windows\flutter\ephemeral\cpp_client_wrapper\flutter_engine.cc">
      <Filter>Source Files</Filter>
    </ClCompile>
    <ClCompile Include="E:\flutter\garen_gui\windows\flutter\ephemeral\cpp_client_wrapper\flutter_view_controller.cc">
      <Filter>Source Files</Filter>
    </ClCompile>
  </ItemGroup>
  <ItemGroup>
    <CustomBuild Include="E:\flutter\garen_gui\windows\flutter\CMakeLists.txt" />
  </ItemGroup>
  <ItemGroup>
    <Filter Include="CMake Rules">
      <UniqueIdentifier>{BB96BAEF-F105-3670-9518-85B104AF3659}</UniqueIdentifier>
    </Filter>
    <Filter Include="Source Files">
      <UniqueIdentifier>{CC76C862-39AF-30BF-ACB8-548588BD4C19}</UniqueIdentifier>
    </Filter>
  </ItemGroup>
</Project>
